{
  "name": "skript_obfuscator",
  "version": "1.0.0",
  "lockfileVersion": 1,
  "requires": true,
  "dependencies": {
    "skript-reader": {
      "version": "1.0.11",
      "resolved": "https://registry.npmjs.org/skript-reader/-/skript-reader-1.0.11.tgz",
      "integrity": "sha512-MX9KIh8NucenHfc9wk/KZ7eduRCLnE46xmI8/K1lCtNYgWlGB0tRVBPrL7M9hQf+4SVsHTBgoibqz59Go7mQ7Q=="
    },
    "typescript": {
      "version": "4.5.4",
      "resolved": "https://registry.npmjs.org/typescript/-/typescript-4.5.4.tgz",
      "integrity": "sha512-VgYs2A2QIRuGphtzFV7aQJduJ2gyfTljngLzjpfW9FoYZF6xuw1W0vW9ghCKLfcWrCFxK81CSGRAvS1pn4fIUg==",
      "dev": true
    }
  }
}
