{
  "name": "skript_obfuscator",
  "version": "1.0.0",
  "lockfileVersion": 1,
  "requires": true,
  "dependencies": {
    "skript-reader": {
      "version": "1.0.13",
      "resolved": "https://registry.npmjs.org/skript-reader/-/skript-reader-1.0.13.tgz",
      "integrity": "sha512-xccc6Uy05XIEteUY6KVTlqlwZmxpCilTcul82Qna4lcTv2t3igAAodyTmIsDRC/48BTPJ5LDmhGzAKNbb+/6iQ=="
    },
    "typescript": {
      "version": "4.5.4",
      "resolved": "https://registry.npmjs.org/typescript/-/typescript-4.5.4.tgz",
      "integrity": "sha512-VgYs2A2QIRuGphtzFV7aQJduJ2gyfTljngLzjpfW9FoYZF6xuw1W0vW9ghCKLfcWrCFxK81CSGRAvS1pn4fIUg==",
      "dev": true
    }
  }
}
